
Microsoft Visual Studio Solution File, Format Version 12.00
# Visual Studio Version 16
VisualStudioVersion = 16.0.30717.126
MinimumVisualStudioVersion = 10.0.40219.1
Project("{8BC9CEB8-8B4A-11D0-8D11-00A0C91BC942}") = "NetWorm", "NetWorm.vcxproj", "{F4EAE713-FBB3-4CEC-B096-08FF9A53A1BE}"
EndProject
Global
	GlobalSection(SolutionConfigurationPlatforms) = preSolution
		Debug|x64 = Debug|x64
		Debug|x86 = Debug|x86
		Release|x64 = Release|x64
		Release|x86 = Release|x86
	EndGlobalSection
	GlobalSection(ProjectConfigurationPlatforms) = postSolution
		{F4EAE713-FBB3-4CEC-B096-08FF9A53A1BE}.Debug|x64.ActiveCfg = Debug|x64
		{F4EAE713-FBB3-4CEC-B096-08FF9A53A1BE}.Debug|x64.Build.0 = Debug|x64
		{F4EAE713-FBB3-4CEC-B096-08FF9A53A1BE}.Debug|x86.ActiveCfg = Debug|Win32
		{F4EAE713-FBB3-4CEC-B096-08FF9A53A1BE}.Debug|x86.Build.0 = Debug|Win32
		{F4EAE713-FBB3-4CEC-B096-08FF9A53A1BE}.Release|x64.ActiveCfg = Release|x64
		{F4EAE713-FBB3-4CEC-B096-08FF9A53A1BE}.Release|x64.Build.0 = Release|x64
		{F4EAE713-FBB3-4CEC-B096-08FF9A53A1BE}.Release|x86.ActiveCfg = Release|Win32
		{F4EAE713-FBB3-4CEC-B096-08FF9A53A1BE}.Release|x86.Build.0 = Release|Win32
	EndGlobalSection
	GlobalSection(SolutionProperties) = preSolution
		HideSolutionNode = FALSE
	EndGlobalSection
	GlobalSection(ExtensibilityGlobals) = postSolution
		SolutionGuid = {DF84F87A-6353-4EBB-8688-6C707AF13766}
	EndGlobalSection
EndGlobal
